Microsoft Visual Studio Solution File, Format Version 12.00
# Visual Studio Version 17
VisualStudioVersion = 17.5.2.0
MinimumVisualStudioVersion = 10.0.40219.1
Project("{FAE04EC0-301F-11D3-BF4B-00C04F79EFBC}") = "BuggyJobsAPI", "BuggyJobsAPI\BuggyJobsAPI.csproj", "{A465F1A6-C1D6-04FB-5DA0-CFE4E6EB517B}"
EndProject
Global
	GlobalSection(SolutionConfigurationPlatforms) = preSolution
		Debug|Any CPU = Debug|Any CPU
		Release|Any CPU = Release|Any CPU
	EndGlobalSection
	GlobalSection(ProjectConfigurationPlatforms) = postSolution
		{A465F1A6-C1D6-04FB-5DA0-CFE4E6EB517B}.Debug|Any CPU.ActiveCfg = Debug|Any CPU
		{A465F1A6-C1D6-04FB-5DA0-CFE4E6EB517B}.Debug|Any CPU.Build.0 = Debug|Any CPU
		{A465F1A6-C1D6-04FB-5DA0-CFE4E6EB517B}.Release|Any CPU.ActiveCfg = Release|Any CPU
		{A465F1A6-C1D6-04FB-5DA0-CFE4E6EB517B}.Release|Any CPU.Build.0 = Release|Any CPU
	EndGlobalSection
	GlobalSection(SolutionProperties) = preSolution
		HideSolutionNode = FALSE
	EndGlobalSection
	GlobalSection(ExtensibilityGlobals) = postSolution
		SolutionGuid = {DE497799-779B-4AF8-B99C-F8C6523A663F}
	EndGlobalSection
EndGlobal
